
Microsoft Visual Studio Solution File, Format Version 12.00
# Visual Studio 15
VisualStudioVersion = 15.0.27004.2009
MinimumVisualStudioVersion = 10.0.40219.1
Project("{888888A0-9F3D-457C-B088-3A5042F75D52}") = "StudentsAttendanceGit", "StudentsAttendanceGit.pyproj", "{EC607EC0-201D-4B68-937D-E3002B99A148}"
EndProject
Global
	GlobalSection(SolutionConfigurationPlatforms) = preSolution
		Debug|Any CPU = Debug|Any CPU
		Release|Any CPU = Release|Any CPU
	EndGlobalSection
	GlobalSection(ProjectConfigurationPlatforms) = postSolution
		{EC607EC0-201D-4B68-937D-E3002B99A148}.Debug|Any CPU.ActiveCfg = Debug|Any CPU
		{EC607EC0-201D-4B68-937D-E3002B99A148}.Debug|Any CPU.Build.0 = Debug|Any CPU
		{EC607EC0-201D-4B68-937D-E3002B99A148}.Release|Any CPU.ActiveCfg = Release|Any CPU
		{EC607EC0-201D-4B68-937D-E3002B99A148}.Release|Any CPU.Build.0 = Release|Any CPU
	EndGlobalSection
	GlobalSection(SolutionProperties) = preSolution
		HideSolutionNode = FALSE
	EndGlobalSection
	GlobalSection(ExtensibilityGlobals) = postSolution
		SolutionGuid = {C85D3BB9-3C6F-4F18-92F0-CA73D0405A99}
	EndGlobalSection
EndGlobal
